// !$*UTF8*$!
{
	archiveVersion = 1;
	classes = {
	};
	objectVersion = 46;
	objects = {

/* Begin PBXBuildFile section */
		F1EEE7A81E10F5D90089631C /* AppDelegate.swift in Sources */ = {isa = PBXBuildFile; fileRef = F1EEE7A71E10F5D90089631C /* AppDelegate.swift */; };
		F1EEE7AA1E10F5DA0089631C /* ViewController.swift in Sources */ = {isa = PBXBuildFile; fileRef = F1EEE7A91E10F5DA0089631C /* ViewController.swift */; };
		F1EEE7AD1E10F5DA0089631C /* Main.storyboard in Resources */ = {isa = PBXBuildFile; fileRef = F1EEE7AB1E10F5DA0089631C /* Main.storyboard */; };
		F1EEE7AF1E10F5DA0089631C /* Assets.xcassets in Resources */ = {isa = PBXBuildFile; fileRef = F1EEE7AE1E10F5DA0089631C /* Assets.xcassets */; };
		F1EEE7B21E10F5DA0089631C /* LaunchScreen.storyboard in Resources */ = {isa = PBXBuildFile; fileRef = F1EEE7B01E10F5DA0089631C /* LaunchScreen.storyboard */; };
/* End PBXBuildFile section */

/* Begin PBXFileReference section */
		F1EEE7A41E10F5D90089631C /* BusquedaLibros2.app */ = {isa = PBXFileReference; explicitFileType = wrapper.application; includeInIndex = 0; path = BusquedaLibros2.app; sourceTree = BUILT_PRODUCTS_DIR; };
		F1EEE7A71E10F5D90089631C /* AppDelegate.swift */ = {isa = PBXFileReference; lastKnownFileType = sourcecode.swift; path = AppDelegate.swift; sourceTree = "<group>"; };
		F1EEE7A91E10F5DA0089631C /* ViewController.swift */ = {isa = PBXFileReference; lastKnownFileType = sourcecode.swift; path = ViewController.swift; sourceTree = "<group>"; };
		F1EEE7AC1E10F5DA0089631C /* Base */ = {isa = PBXFileReference; lastKnownFileType = file.storyboard; name = Base; path = Base.lproj/Main.storyboard; sourceTree = "<group>"; };
		F1EEE7AE1E10F5DA0089631C /* Assets.xcassets */ = {isa = PBXFileReference; lastKnownFileType = folder.assetcatalog; path = Assets.xcassets; sourceTree = "<group>"; };
		F1EEE7B11E10F5DA0089631C /* Base */ = {isa = PBXFileReference; lastKnownFileType = file.storyboard; name = Base; path = Base.lproj/LaunchScreen.storyboard; sourceTree = "<group>"; };
		F1EEE7B31E10F5DA0089631C /* Info.plist */ = {isa = PBXFileReference; lastKnownFileType = text.plist.xml; path = Info.plist; sourceTree = "<group>"; };
/* End PBXFileReference section */

/* Begin PBXFrameworksBuildPhase section */
		F1EEE7A11E10F5D90089631C /* Frameworks */ = {
			isa = PBXFrameworksBuildPhase;
			buildActionMask = 2147483647;
			files = (
			);
			runOnlyForDeploymentPostprocessing = 0;
		};
/* End PBXFrameworksBuildPhase section */

/* Begin PBXGroup section */
		F1EEE79B1E10F5D90089631C = {
			isa = PBXGroup;
			children = (
				F1EEE7A61E10F5D90089631C /* BusquedaLibros2 */,
				F1EEE7A51E10F5D90089631C /* Products */,
			);
			sourceTree = "<group>";
		};
		F1EEE7A51E10F5D90089631C /* Products */ = {
			isa = PBXGroup;
			children = (
				F1EEE7A41E10F5D90089631C /* BusquedaLibros2.app */,
			);
			name = Products;
			sourceTree = "<group>";
		};
		F1EEE7A61E10F5D90089631C /* BusquedaLibros2 */ = {
			isa = PBXGroup;
			children = (
				F1EEE7A71E10F5D90089631C /* AppDelegate.swift */,
				F1EEE7A91E10F5DA0089631C /* ViewController.swift */,
				F1EEE7AB1E10F5DA0089631C /* Main.storyboard */,
				F1EEE7AE1E10F5DA0089631C /* Assets.xcassets */,
				F1EEE7B01E10F5DA0089631C /* LaunchScreen.storyboard */,
				F1EEE7B31E10F5DA0089631C /* Info.plist */,
			);
			path = BusquedaLibros2;
			sourceTree = "<group>";
		};
/* End PBXGroup section */

/* Begin PBXNativeTarget section */
		F1EEE7A31E10F5D90089631C /* BusquedaLibros2 */ = {
			isa = PBXNativeTarget;
			buildConfigurationList = F1EEE7B61E10F5DA0089631C /* Build configuration list for PBXNativeTarget "BusquedaLibros2" */;
			buildPhases = (
				F1EEE7A01E10F5D90089631C /* Sources */,
				F1EEE7A11E10F5D90089631C /* Frameworks */,
				F1EEE7A21E10F5D90089631C /* Resources */,
			);
			buildRules = (
			);
			dependencies = (
			);
			name = BusquedaLibros2;
			productName = BusquedaLibros2;
			productReference = F1EEE7A41E10F5D90089631C /* BusquedaLibros2.app */;
			productType = "com.apple.product-type.application";
		};
/* End PBXNativeTarget section */

/* Begin PBXProject section */
		F1EEE79C1E10F5D90089631C /* Project object */ = {
			isa = PBXProject;
			attributes = {
				LastSwiftUpdateCheck = 0810;
				LastUpgradeCheck = 0810;
				ORGANIZATIONNAME = "Rodrigo Hernandez";
				TargetAttributes = {
					F1EEE7A31E10F5D90089631C = {
						CreatedOnToolsVersion = 8.1;
						ProvisioningStyle = Automatic;
					};
				};
			};
			buildConfigurationList = F1EEE79F1E10F5D90089631C /* Build configuration list for PBXProject "BusquedaLibros2" */;
			compatibilityVersion = "Xcode 3.2";
			developmentRegion = English;
			hasScannedForEncodings = 0;
			knownRegions = (
				en,
				Base,
			);
			mainGroup = F1EEE79B1E10F5D90089631C;
			productRefGroup = F1EEE7A51E10F5D90089631C /* Products */;
			projectDirPath = "";
			projectRoot = "";
			targets = (
				F1EEE7A31E10F5D90089631C /* BusquedaLibros2 */,
			);
		};
/* End PBXProject section */

/* Begin PBXResourcesBuildPhase section */
		F1EEE7A21E10F5D90089631C /* Resources */ = {
			isa = PBXResourcesBuildPhase;
			buildActionMask = 2147483647;
			files = (
				F1EEE7B21E10F5DA0089631C /* LaunchScreen.storyboard in Resources */,
				F1EEE7AF1E10F5DA0089631C /* Assets.xcassets in Resources */,
				F1EEE7AD1E10F5DA0089631C /* Main.storyboard in Resources */,
			);
			runOnlyForDeploymentPostprocessing = 0;
		};
/* End PBXResourcesBuildPhase section */

/* Begin PBXSourcesBuildPhase section */
		F1EEE7A01E10F5D90089631C /* Sources */ = {
			isa = PBXSourcesBuildPhase;
			buildActionMask = 2147483647;
			files = (
				F1EEE7AA1E10F5DA0089631C /* ViewController.swift in Sources */,
				F1EEE7A81E10F5D90089631C /* AppDelegate.swift in Sources */,
			);
			runOnlyForDeploymentPostprocessing = 0;
		};
/* End PBXSourcesBuildPhase section */

/* Begin PBXVariantGroup section */
		F1EEE7AB1E10F5DA0089631C /* Main.storyboard */ = {
			isa = PBXVariantGroup;
			children = (
				F1EEE7AC1E10F5DA0089631C /* Base */,
			);
			name = Main.storyboard;
			sourceTree = "<group>";
		};
		F1EEE7B01E10F5DA0089631C /* LaunchScreen.storyboard */ = {
			isa = PBXVariantGroup;
			children = (
				F1EEE7B11E10F5DA0089631C /* Base */,
			);
			name = LaunchScreen.storyboard;
			sourceTree = "<group>";
		};
/* End PBXVariantGroup section */

/* Begin XCBuildConfiguration section */
		F1EEE7B41E10F5DA0089631C /* Debug */ = {
			isa = XCBuildConfiguration;
			buildSettings = {
				ALWAYS_SEARCH_USER_PATHS = NO;
				CLANG_ANALYZER_NONNULL = YES;
				CLANG_CXX_LANGUAGE_STANDARD = "gnu++0x";
				CLANG_CXX_LIBRARY = "libc++";
				CLANG_ENABLE_MODULES = YES;
				CLANG_ENABLE_OBJC_ARC = YES;
				CLANG_WARN_BOOL_CONVERSION = YES;
				CLANG_WARN_CONSTANT_CONVERSION = YES;
				CLANG_WARN_DIRECT_OBJC_ISA_USAGE = YES_ERROR;
				CLANG_WARN_DOCUMENTATION_COMMENTS = YES;
				CLANG_WARN_EMPTY_BODY = YES;
				CLANG_WARN_ENUM_CONVERSION = YES;
				CLANG_WARN_INFINITE_RECURSION = YES;
				CLANG_WARN_INT_CONVERSION = YES;
				CLANG_WARN_OBJC_ROOT_CLASS = YES_ERROR;
				CLANG_WARN_SUSPICIOUS_MOVES = YES;
				CLANG_WARN_UNREACHABLE_CODE = YES;
				CLANG_WARN__DUPLICATE_METHOD_MATCH = YES;
				"CODE_SIGN_IDENTITY[sdk=iphoneos*]" = "iPhone Developer";
				COPY_PHASE_STRIP = NO;
				DEBUG_INFORMATION_FORMAT = dwarf;
				ENABLE_STRICT_OBJC_MSGSEND = YES;
				ENABLE_TESTABILITY = YES;
				GCC_C_LANGUAGE_STANDARD = gnu99;
				GCC_DYNAMIC_NO_PIC = NO;
				GCC_NO_COMMON_BLOCKS = YES;
				GCC_OPTIMIZATION_LEVEL = 0;
				GCC_PREPROCESSOR_DEFINITIONS = (
					"DEBUG=1",
					"$(inherited)",
				);
				GCC_WARN_64_TO_32_BIT_CONVERSION = YES;
				GCC_WARN_ABOUT_RETURN_TYPE = YES_ERROR;
				GCC_WARN_UNDECLARED_SELECTOR = YES;
				GCC_WARN_UNINITIALIZED_AUTOS = YES_AGGRESSIVE;
				GCC_WARN_UNUSED_FUNCTION = YES;
				GCC_WARN_UNUSED_VARIABLE = YES;
				IPHONEOS_DEPLOYMENT_TARGET = 10.1;
				MTL_ENABLE_DEBUG_INFO = YES;
				ONLY_ACTIVE_ARCH = YES;
				SDKROOT = iphoneos;
				SWIFT_ACTIVE_COMPILATION_CONDITIONS = DEBUG;
				SWIFT_OPTIMIZATION_LEVEL = "-Onone";
				TARGETED_DEVICE_FAMILY = "1,2";
			};
			name = Debug;
		};
		F1EEE7B51E10F5DA0089631C /* Release */ = {
			isa = XCBuildConfiguration;
			buildSettings = {
				ALWAYS_SEARCH_USER_PATHS = NO;
				CLANG_ANALYZER_NONNULL = YES;
				CLANG_CXX_LANGUAGE_STANDARD = "gnu++0x";
				CLANG_CXX_LIBRARY = "libc++";
				CLANG_ENABLE_MODULES = YES;
				CLANG_ENABLE_OBJC_ARC = YES;
				CLANG_WARN_BOOL_CONVERSION = YES;
				CLANG_WARN_CONSTANT_CONVERSION = YES;
				CLANG_WARN_DIRECT_OBJC_ISA_USAGE = YES_ERROR;
				CLANG_WARN_DOCUMENTATION_COMMENTS = YES;
				CLANG_WARN_EMPTY_BODY = YES;
				CLANG_WARN_ENUM_CONVERSION = YES;
				CLANG_WARN_INFINITE_RECURSION = YES;
				CLANG_WARN_INT_CONVERSION = YES;
				CLANG_WARN_OBJC_ROOT_CLASS = YES_ERROR;
				CLANG_WARN_SUSPICIOUS_MOVES = YES;
				CLANG_WARN_UNREACHABLE_CODE = YES;
				CLANG_WARN__DUPLICATE_METHOD_MATCH = YES;
				"CODE_SIGN_IDENTITY[sdk=iphoneos*]" = "iPhone Developer";
				COPY_PHASE_STRIP = NO;
				DEBUG_INFORMATION_FORMAT = "dwarf-with-dsym";
				ENABLE_NS_ASSERTIONS = NO;
				ENABLE_STRICT_OBJC_MSGSEND = YES;
				GCC_C_LANGUAGE_STANDARD = gnu99;
				GCC_NO_COMMON_BLOCKS = YES;
				GCC_WARN_64_TO_32_BIT_CONVERSION = YES;
				GCC_WARN_ABOUT_RETURN_TYPE = YES_ERROR;
				GCC_WARN_UNDECLARED_SELECTOR = YES;
				GCC_WARN_UNINITIALIZED_AUTOS = YES_AGGRESSIVE;
				GCC_WARN_UNUSED_FUNCTION = YES;
				GCC_WARN_UNUSED_VARIABLE = YES;
				IPHONEOS_DEPLOYMENT_TARGET = 10.1;
				MTL_ENABLE_DEBUG_INFO = NO;
				SDKROOT = iphoneos;
				SWIFT_OPTIMIZATION_LEVEL = "-Owholemodule";
				TARGETED_DEVICE_FAMILY = "1,2";
				VALIDATE_PRODUCT = YES;
			};
			name = Release;
		};
		F1EEE7B71E10F5DA0089631C /* Debug */ = {
			isa = XCBuildConfiguration;
			buildSettings = {
				ASSETCATALOG_COMPILER_APPICON_NAME = AppIcon;
				INFOPLIST_FILE = BusquedaLibros2/Info.plist;
				LD_RUNPATH_SEARCH_PATHS = "$(inherited) @executable_path/Frameworks";
				PRODUCT_BUNDLE_IDENTIFIER = com.org.BusquedaLibros2;
				PRODUCT_NAME = "$(TARGET_NAME)";
				SWIFT_VERSION = 3.0;
			};
			name = Debug;
		};
		F1EEE7B81E10F5DA0089631C /* Release */ = {
			isa = XCBuildConfiguration;
			buildSettings = {
				ASSETCATALOG_COMPILER_APPICON_NAME = AppIcon;
				INFOPLIST_FILE = BusquedaLibros2/Info.plist;
				LD_RUNPATH_SEARCH_PATHS = "$(inherited) @executable_path/Frameworks";
				PRODUCT_BUNDLE_IDENTIFIER = com.org.BusquedaLibros2;
				PRODUCT_NAME = "$(TARGET_NAME)";
				SWIFT_VERSION = 3.0;
			};
			name = Release;
		};
/* End XCBuildConfiguration section */

/* Begin XCConfigurationList section */
		F1EEE79F1E10F5D90089631C /* Build configuration list for PBXProject "BusquedaLibros2" */ = {
			isa = XCConfigurationList;
			buildConfigurations = (
				F1EEE7B41E10F5DA0089631C /* Debug */,
				F1EEE7B51E10F5DA0089631C /* Release */,
			);
			defaultConfigurationIsVisible = 0;
			defaultConfigurationName = Release;
		};
		F1EEE7B61E10F5DA0089631C /* Build configuration list for PBXNativeTarget "BusquedaLibros2" */ = {
			isa = XCConfigurationList;
			buildConfigurations = (
				F1EEE7B71E10F5DA0089631C /* Debug */,
				F1EEE7B81E10F5DA0089631C /* Release */,
			);
			defaultConfigurationIsVisible = 0;
		};
/* End XCConfigurationList section */
	};
	rootObject = F1EEE79C1E10F5D90089631C /* Project object */;
}
